dependencies:
  espressif/esp_lcd_touch:
    dependencies: []
    source:
      path: C:\Users\admin\08_lvgl_Porting\components\espressif__esp_lcd_touch
      type: local
    version: 1.1.2
  espressif/esp_lcd_touch_gt911:
    dependencies: []
    source:
      path: C:\Users\admin\08_lvgl_Porting\components\espressif__esp_lcd_touch_gt911
      type: local
    version: 1.1.1~1
  idf:
    source:
      type: idf
    version: 5.5.1
  lvgl/lvgl:
    dependencies: []
    source:
      path: C:\Users\admin\08_lvgl_Porting\components\lvgl__lvgl
      type: local
    version: 8.4.0
direct_dependencies:
- espressif/esp_lcd_touch
- espressif/esp_lcd_touch_gt911
- idf
- lvgl/lvgl
manifest_hash: d5d266152de678f38563fb78535c96ea22d9ead88642e70bb4e988de7ac24ddd
target: esp32s3
version: 2.0.0
